schema: '2.0'
stages:
  dumb_and_dumber:
    cmd: python src/dumb_and_dumber.py
    deps:
    - path: src/dumb_and_dumber.py
      md5: 6a7dfc6772e9a589737117c30206f89c
      size: 152
    params:
      params.yaml:
        seed: 78
    outs:
    - path: data/dumbest.json
      md5: 65fa7112cd1b88f31e5d05d5eb6b3815
      size: 31
