schema: '2.0'
stages:
  dumb_and_dumber:
    cmd: python src/dumb_and_dumber.py
    deps:
    - path: src/dumb_and_dumber.py
      md5: 6a7dfc6772e9a589737117c30206f89c
      size: 152
    params:
      params.yaml:
        seed: 79
    outs:
    - path: data/dumbest.json
      md5: be7409351d72ba4d3b3563f1ac4e91b4
      size: 30
